
Microsoft Visual Studio Solution File, Format Version 12.00
# Visual Studio 15
VisualStudioVersion = 15.0.28307.1705
MinimumVisualStudioVersion = 10.0.40219.1
Project("{FAE04EC0-301F-11D3-BF4B-00C04F79EFBC}") = "prog10", "prog10\prog10.csproj", "{759ED8E9-2DDC-4FF4-B6FC-0534D6FF9C03}"
EndProject
Global
	GlobalSection(SolutionConfigurationPlatforms) = preSolution
		Debug|Any CPU = Debug|Any CPU
		Release|Any CPU = Release|Any CPU
	EndGlobalSection
	GlobalSection(ProjectConfigurationPlatforms) = postSolution
		{759ED8E9-2DDC-4FF4-B6FC-0534D6FF9C03}.Debug|Any CPU.ActiveCfg = Debug|Any CPU
		{759ED8E9-2DDC-4FF4-B6FC-0534D6FF9C03}.Debug|Any CPU.Build.0 = Debug|Any CPU
		{759ED8E9-2DDC-4FF4-B6FC-0534D6FF9C03}.Release|Any CPU.ActiveCfg = Release|Any CPU
		{759ED8E9-2DDC-4FF4-B6FC-0534D6FF9C03}.Release|Any CPU.Build.0 = Release|Any CPU
	EndGlobalSection
	GlobalSection(SolutionProperties) = preSolution
		HideSolutionNode = FALSE
	EndGlobalSection
	GlobalSection(ExtensibilityGlobals) = postSolution
		SolutionGuid = {11978ECD-BB21-4930-A6E0-0EA8568E97CF}
	EndGlobalSection
EndGlobal
